# @generated by Move, please check-in and do not edit manually.

[move]
version = 3
manifest_digest = "A059AF5EE54B396378F045B32B6F600B1CA9A2A40267D7653C1D847B091B0075"
deps_digest = "F8BBB0CCB2491CA29A3DF03D6F92277A4F3574266507ACD77214D37ECA3F3082"
dependencies = [
  { id = "Sui", name = "Sui" },
]

[[move.package]]
id = "MoveStdlib"
source = { git = "https://github.com/MystenLabs/sui.git", rev = "devnet", subdir = "crates/sui-framework/packages/move-stdlib" }

[[move.package]]
id = "Sui"
source = { git = "https://github.com/MystenLabs/sui.git", rev = "devnet", subdir = "crates/sui-framework/packages/sui-framework" }

dependencies = [
  { id = "MoveStdlib", name = "MoveStdlib" },
]

[move.toolchain-version]
compiler-version = "1.51.1"
edition = "2024.beta"
flavor = "sui"

[env]

[env.testnet]
chain-id = "4c78adac"
original-published-id = "0x581955f40c5ddc73898ff200010d42e9c2c8c3b093250b9788e54e04f8ec5d27"
latest-published-id = "0x581955f40c5ddc73898ff200010d42e9c2c8c3b093250b9788e54e04f8ec5d27"
published-version = "1"

[env.devnet]
chain-id = "06039fc3"
original-published-id = "0x26f4b7c18256e1f0cdb5ad3bd05570ae2f59015d9c7baa246124d6bdf0920e40"
latest-published-id = "0x26f4b7c18256e1f0cdb5ad3bd05570ae2f59015d9c7baa246124d6bdf0920e40"
published-version = "1"
